{
  "nodes": {
    "bun2nix": {
      "inputs": {
        "flake-parts": "flake-parts_3",
        "nixpkgs": [
          "pi",
          "nixpkgs"
        ],
        "systems": [
          "pi",
          "systems"
        ],
        "treefmt-nix": "treefmt-nix"
      },
      "locked": {
        "lastModified": 1778446047,
        "narHash": "sha256-oQvcadh2BCkrog+SGrG6YffKJrveYpjj3TdQJWaKhaM=",
        "owner": "nix-community",
        "repo": "bun2nix",
        "rev": "f2bc12af1a6369648aac41041ceeaa0b866599c6",
        "type": "github"
      },
      "original": {
        "owner": "nix-community",
        "ref": "2.1.0",
        "repo": "bun2nix",
        "type": "github"
      }
    },
    "darwin": {
      "inputs": {
        "nixpkgs": [
          "nixpkgs"
        ]
      },
      "locked": {
        "lastModified": 1771520882,
        "narHash": "sha256-9SeTZ4Pwr730YfT7V8Azb8GFbwk1ZwiQDAwft3qAD+o=",
        "owner": "nix-darwin",
        "repo": "nix-darwin",
        "rev": "6a7fdcd5839ec8b135821179eea3b58092171bcf",
        "type": "github"
      },
      "original": {
        "owner": "nix-darwin",
        "repo": "nix-darwin",
        "type": "github"
      }
    },
    "den": {
      "locked": {
        "lastModified": 1786475005,
        "narHash": "sha256-gp7Q7rMEjsqAyW4Uwz+sms8j+XegD5P/lzRCuMW2fNI=",
        "owner": "denful",
        "repo": "den",
        "rev": "e8e8de1e32646456cfc613f152175a7a548508ec",
        "type": "github"
      },
      "original": {
        "owner": "denful",
        "repo": "den",
        "type": "github"
      }
    },
    "fenix": {
      "inputs": {
        "nixpkgs": [
          "nixpkgs"
        ],
        "rust-analyzer-src": "rust-analyzer-src"
      },
      "locked": {
        "lastModified": 1788006742,
        "narHash": "sha256-V65dNU5TPx5c/DBdJ2G8rgczvLxB5ROm/ie8CS6WV3w=",
        "owner": "nix-community",
        "repo": "fenix",
        "rev": "e0f7f5109090e4ebc9f3c969b961966cd7a61013",
        "type": "github"
      },
      "original": {
        "owner": "nix-community",
        "repo": "fenix",
        "type": "github"
      }
    },
    "flake-file": {
      "locked": {
        "lastModified": 1771897754,
        "narHash": "sha256-SQhPQRbs35fQ8ZE7tbfHsf2eu5r+oICyZL1SpGIPvGg=",
        "owner": "vic",
        "repo": "flake-file",
        "rev": "619d2212482c104fd3bbc815d80c6227b1b01338",
        "type": "github"
      },
      "original": {
        "owner": "vic",
        "repo": "flake-file",
        "type": "github"
      }
    },
    "flake-parts": {
      "inputs": {
        "nixpkgs-lib": [
          "nixpkgs-lib"
        ]
      },
      "locked": {
        "lastModified": 1769996383,
        "narHash": "sha256-AnYjnFWgS49RlqX7LrC4uA+sCCDBj0Ry/WOJ5XWAsa0=",
        "owner": "hercules-ci",
        "repo": "flake-parts",
        "rev": "57928607ea566b5db3ad13af0e57e921e6b12381",
        "type": "github"
      },
      "original": {
        "owner": "hercules-ci",
        "repo": "flake-parts",
        "type": "github"
      }
    },
    "flake-parts_2": {
      "inputs": {
        "nixpkgs-lib": [
          "nixvim",
          "nixpkgs"
        ]
      },
      "locked": {
        "lastModified": 1785627969,
        "narHash": "sha256-4dtXQk/NMePegK/nWp5NSeuZKLATItOq61lpEvmXqGw=",
        "owner": "hercules-ci",
        "repo": "flake-parts",
        "rev": "427bf4bd9435fdf21321c8cc628c24efc14c0f7a",
        "type": "github"
      },
      "original": {
        "owner": "hercules-ci",
        "repo": "flake-parts",
        "type": "github"
      }
    },
    "flake-parts_3": {
      "inputs": {
        "nixpkgs-lib": [
          "pi",
          "bun2nix",
          "nixpkgs"
        ]
      },
      "locked": {
        "lastModified": 1777988971,
        "narHash": "sha256-qIoWPDs+0/8JecyYgE3gpKQxW/4bLW/gp45vow9ioCQ=",
        "owner": "hercules-ci",
        "repo": "flake-parts",
        "rev": "0678d8986be1661af6bb555f3489f2fdfc31f6ff",
        "type": "github"
      },
      "original": {
        "owner": "hercules-ci",
        "repo": "flake-parts",
        "type": "github"
      }
    },
    "home-manager": {
      "inputs": {
        "nixpkgs": [
          "nixpkgs"
        ]
      },
      "locked": {
        "lastModified": 1771851181,
        "narHash": "sha256-gFgE6mGUftwseV3DUENMb0k0EiHd739lZexPo5O/sdQ=",
        "owner": "nix-community",
        "repo": "home-manager",
        "rev": "9a4b494b1aa1b93d8edf167f46dc8e0c0011280c",
        "type": "github"
      },
      "original": {
        "owner": "nix-community",
        "repo": "home-manager",
        "type": "github"
      }
    },
    "import-tree": {
      "locked": {
        "lastModified": 1771045967,
        "narHash": "sha256-oYO4poyw0Sb/db2PigqugMlDwsvwLg6CSpFrMUWxA3Q=",
        "owner": "vic",
        "repo": "import-tree",
        "rev": "c968d3b54d12cf5d9c13f16f7c545a06c9d1fde6",
        "type": "github"
      },
      "original": {
        "owner": "vic",
        "repo": "import-tree",
        "type": "github"
      }
    },
    "jail-nix": {
      "locked": {
        "lastModified": 1776230864,
        "narHash": "sha256-YsEjjdOsGEzTeD+iT7ONh071BqWAOQWpzYVei3okAXE=",
        "owner": "~alexdavid",
        "repo": "jail.nix",
        "rev": "404e7da9da5ab9aa643666682b2ba1312fa5fbe8",
        "type": "sourcehut"
      },
      "original": {
        "owner": "~alexdavid",
        "repo": "jail.nix",
        "type": "sourcehut"
      }
    },
    "nixpkgs": {
      "locked": {
        "lastModified": 1787848966,
        "narHash": "sha256-7gDpu5hpq0rOYnYMcOWqSzquK4HA/xU8Xf3CjUBOOJA=",
        "owner": "nixos",
        "repo": "nixpkgs",
        "rev": "d57af924f160a5084293c71c2043f058bd1cdb60",
        "type": "github"
      },
      "original": {
        "owner": "nixos",
        "ref": "nixos-26.05",
        "repo": "nixpkgs",
        "type": "github"
      }
    },
    "nixpkgs-unstable": {
      "locked": {
        "lastModified": 1787814960,
        "narHash": "sha256-PYZq1qzCJXC2zGI0mH07vrZBsw6DRBAOX0jN1pPtqOQ=",
        "owner": "nixos",
        "repo": "nixpkgs",
        "rev": "c27cdad491a991b11ed731760aa2ef8db0cb0410",
        "type": "github"
      },
      "original": {
        "owner": "nixos",
        "ref": "nixpkgs-unstable",
        "repo": "nixpkgs",
        "type": "github"
      }
    },
    "nixpkgs_2": {
      "locked": {
        "lastModified": 1787204541,
        "narHash": "sha256-OURZPknrTjQrlNyxPdqzyqmU/81Wes1CUP/Ft1Rv/YI=",
        "owner": "NixOS",
        "repo": "nixpkgs",
        "rev": "5880666fd9eb563038431edb35c2d0aa595884e6",
        "type": "github"
      },
      "original": {
        "owner": "NixOS",
        "ref": "nixos-26.05",
        "repo": "nixpkgs",
        "type": "github"
      }
    },
    "nixpkgs_3": {
      "locked": {
        "lastModified": 1773646010,
        "narHash": "sha256-iYrs97hS7p5u4lQzuNWzuALGIOdkPXvjz7bviiBjUu8=",
        "owner": "nixos",
        "repo": "nixpkgs",
        "rev": "5b2c2d84341b2afb5647081c1386a80d7a8d8605",
        "type": "github"
      },
      "original": {
        "owner": "nixos",
        "ref": "nixos-unstable",
        "repo": "nixpkgs",
        "type": "github"
      }
    },
    "nixpkgs_4": {
      "locked": {
        "lastModified": 1770107345,
        "narHash": "sha256-tbS0Ebx2PiA1FRW8mt8oejR0qMXmziJmPaU1d4kYY9g=",
        "owner": "nixos",
        "repo": "nixpkgs",
        "rev": "4533d9293756b63904b7238acb84ac8fe4c8c2c4",
        "type": "github"
      },
      "original": {
        "owner": "nixos",
        "ref": "nixpkgs-unstable",
        "repo": "nixpkgs",
        "type": "github"
      }
    },
    "nixvim": {
      "inputs": {
        "flake-parts": "flake-parts_2",
        "nixpkgs": "nixpkgs_2",
        "systems": "systems"
      },
      "locked": {
        "lastModified": 1787536726,
        "narHash": "sha256-aBh5Yk9tX8ZV4k10BJr2fvTq0/+iWGegaCMUOU7YKas=",
        "owner": "nix-community",
        "repo": "nixvim",
        "rev": "e2c3f9f36326d07340626847543c557e2b95fb50",
        "type": "github"
      },
      "original": {
        "owner": "nix-community",
        "ref": "nixos-26.05",
        "repo": "nixvim",
        "type": "github"
      }
    },
    "pi": {
      "inputs": {
        "bun2nix": "bun2nix",
        "jail-nix": "jail-nix",
        "nixpkgs": "nixpkgs_3",
        "systems": "systems_2"
      },
      "locked": {
        "lastModified": 1788338971,
        "narHash": "sha256-yOPbO3JTY7f/NsTRBL+A2lfXeDI707XfbGkUE6cntiw=",
        "owner": "lukasl-dev",
        "repo": "pi.nix",
        "rev": "ad3ab6a915783dcc8f7465c578b480d5297fff4e",
        "type": "github"
      },
      "original": {
        "owner": "lukasl-dev",
        "repo": "pi.nix",
        "type": "github"
      }
    },
    "root": {
      "inputs": {
        "darwin": "darwin",
        "den": "den",
        "fenix": "fenix",
        "flake-file": "flake-file",
        "flake-parts": "flake-parts",
        "home-manager": "home-manager",
        "import-tree": "import-tree",
        "nixpkgs": "nixpkgs",
        "nixpkgs-lib": [
          "nixpkgs"
        ],
        "nixpkgs-unstable": "nixpkgs-unstable",
        "nixvim": "nixvim",
        "pi": "pi",
        "treefmt-nix": "treefmt-nix_2"
      }
    },
    "rust-analyzer-src": {
      "flake": false,
      "locked": {
        "lastModified": 1787909076,
        "narHash": "sha256-dGGOmzu3v7Sd9AZjvmPXqw2oXxepu7DDcQ0X+oW+a28=",
        "owner": "rust-lang",
        "repo": "rust-analyzer",
        "rev": "af4111f0bf85d9d66f4161b007b0081860e0a21c",
        "type": "github"
      },
      "original": {
        "owner": "rust-lang",
        "ref": "nightly",
        "repo": "rust-analyzer",
        "type": "github"
      }
    },
    "systems": {
      "locked": {
        "lastModified": 1681028828,
        "narHash": "sha256-Vy1rq5AaRuLzOxct8nz4T6wlgyUR7zLU309k9mBC768=",
        "owner": "nix-systems",
        "repo": "default",
        "rev": "da67096a3b9bf56a91d16901293e51ba5b49a27e",
        "type": "github"
      },
      "original": {
        "owner": "nix-systems",
        "repo": "default",
        "type": "github"
      }
    },
    "systems_2": {
      "locked": {
        "lastModified": 1681028828,
        "narHash": "sha256-Vy1rq5AaRuLzOxct8nz4T6wlgyUR7zLU309k9mBC768=",
        "owner": "nix-systems",
        "repo": "default",
        "rev": "da67096a3b9bf56a91d16901293e51ba5b49a27e",
        "type": "github"
      },
      "original": {
        "owner": "nix-systems",
        "repo": "default",
        "type": "github"
      }
    },
    "treefmt-nix": {
      "inputs": {
        "nixpkgs": [
          "pi",
          "bun2nix",
          "nixpkgs"
        ]
      },
      "locked": {
        "lastModified": 1775636079,
        "narHash": "sha256-pc20NRoMdiar8oPQceQT47UUZMBTiMdUuWrYu2obUP0=",
        "owner": "numtide",
        "repo": "treefmt-nix",
        "rev": "790751ff7fd3801feeaf96d7dc416a8d581265ba",
        "type": "github"
      },
      "original": {
        "owner": "numtide",
        "repo": "treefmt-nix",
        "type": "github"
      }
    },
    "treefmt-nix_2": {
      "inputs": {
        "nixpkgs": "nixpkgs_4"
      },
      "locked": {
        "lastModified": 1786901030,
        "narHash": "sha256-WSFCsDSE5ffgD2MqzkM2CYjeFiKhRF/dJUN8uedb6YE=",
        "owner": "numtide",
        "repo": "treefmt-nix",
        "rev": "27b3b12a8e6375f28ebe122f07d230ca5459bbfa",
        "type": "github"
      },
      "original": {
        "owner": "numtide",
        "repo": "treefmt-nix",
        "type": "github"
      }
    }
  },
  "root": "root",
  "version": 7
}
